
Microsoft Visual Studio Solution File, Format Version 12.00
# Visual Studio Version 16
VisualStudioVersion = 25.0.1704.0
MinimumVisualStudioVersion = 10.0.40219.1
Project("{FAE04EC0-301F-11D3-BF4B-00C04F79EFBC}") = "List_Little_Api", "List_Little_Api\List_Little_Api.csproj", "{0721BA32-EF50-4221-B86E-8CFA64D7C5E9}"
EndProject
Project("{FAE04EC0-301F-11D3-BF4B-00C04F79EFBC}") = "List_Little_Business", "List_Little_Business\List_Little_Business.csproj", "{2E75589F-6F67-453B-AEB5-1BEEC9FC6FB7}"
EndProject
Project("{FAE04EC0-301F-11D3-BF4B-00C04F79EFBC}") = "List_Little_Infrastructure", "List_Little_Infrastructure\List_Little_Infrastructure.csproj", "{BCFE5B28-C577-4D4D-A9FC-64A99AA3B138}"
EndProject
Project("{FAE04EC0-301F-11D3-BF4B-00C04F79EFBC}") = "List_Little_CrossCutting", "List_Little_CrossCutting\List_Little_CrossCutting.csproj", "{21333963-89B9-4974-B209-7BC678B0DA54}"
EndProject
Project("{FAE04EC0-301F-11D3-BF4B-00C04F79EFBC}") = "List_Little_Domain", "List_Little_Domain\List_Little_Domain.csproj", "{568F994C-B4F2-4583-ABEE-800DFA6A11B2}"
EndProject
Project("{FAE04EC0-301F-11D3-BF4B-00C04F79EFBC}") = "List_Little_Business_Contracts", "List_Little_Business_Contracts\List_Little_Business_Contracts.csproj", "{EE6912ED-8FD0-4C65-B10D-CB89D565BB12}"
EndProject
Project("{FAE04EC0-301F-11D3-BF4B-00C04F79EFBC}") = "List_Little_Infrastructure_Contracts", "List_Little_Infrastructure_Contracts\List_Little_Infrastructure_Contracts.csproj", "{92442CA2-E48F-49CC-B5CD-19FB4C699049}"
EndProject
Global
	GlobalSection(SolutionConfigurationPlatforms) = preSolution
		Debug|Any CPU = Debug|Any CPU
		Release|Any CPU = Release|Any CPU
	EndGlobalSection
	GlobalSection(ProjectConfigurationPlatforms) = postSolution
		{0721BA32-EF50-4221-B86E-8CFA64D7C5E9}.Debug|Any CPU.ActiveCfg = Debug|Any CPU
		{0721BA32-EF50-4221-B86E-8CFA64D7C5E9}.Debug|Any CPU.Build.0 = Debug|Any CPU
		{0721BA32-EF50-4221-B86E-8CFA64D7C5E9}.Release|Any CPU.ActiveCfg = Release|Any CPU
		{0721BA32-EF50-4221-B86E-8CFA64D7C5E9}.Release|Any CPU.Build.0 = Release|Any CPU
		{2E75589F-6F67-453B-AEB5-1BEEC9FC6FB7}.Debug|Any CPU.ActiveCfg = Debug|Any CPU
		{2E75589F-6F67-453B-AEB5-1BEEC9FC6FB7}.Debug|Any CPU.Build.0 = Debug|Any CPU
		{2E75589F-6F67-453B-AEB5-1BEEC9FC6FB7}.Release|Any CPU.ActiveCfg = Release|Any CPU
		{2E75589F-6F67-453B-AEB5-1BEEC9FC6FB7}.Release|Any CPU.Build.0 = Release|Any CPU
		{BCFE5B28-C577-4D4D-A9FC-64A99AA3B138}.Debug|Any CPU.ActiveCfg = Debug|Any CPU
		{BCFE5B28-C577-4D4D-A9FC-64A99AA3B138}.Debug|Any CPU.Build.0 = Debug|Any CPU
		{BCFE5B28-C577-4D4D-A9FC-64A99AA3B138}.Release|Any CPU.ActiveCfg = Release|Any CPU
		{BCFE5B28-C577-4D4D-A9FC-64A99AA3B138}.Release|Any CPU.Build.0 = Release|Any CPU
		{21333963-89B9-4974-B209-7BC678B0DA54}.Debug|Any CPU.ActiveCfg = Debug|Any CPU
		{21333963-89B9-4974-B209-7BC678B0DA54}.Debug|Any CPU.Build.0 = Debug|Any CPU
		{21333963-89B9-4974-B209-7BC678B0DA54}.Release|Any CPU.ActiveCfg = Release|Any CPU
		{21333963-89B9-4974-B209-7BC678B0DA54}.Release|Any CPU.Build.0 = Release|Any CPU
		{568F994C-B4F2-4583-ABEE-800DFA6A11B2}.Debug|Any CPU.ActiveCfg = Debug|Any CPU
		{568F994C-B4F2-4583-ABEE-800DFA6A11B2}.Debug|Any CPU.Build.0 = Debug|Any CPU
		{568F994C-B4F2-4583-ABEE-800DFA6A11B2}.Release|Any CPU.ActiveCfg = Release|Any CPU
		{568F994C-B4F2-4583-ABEE-800DFA6A11B2}.Release|Any CPU.Build.0 = Release|Any CPU
		{EE6912ED-8FD0-4C65-B10D-CB89D565BB12}.Debug|Any CPU.ActiveCfg = Debug|Any CPU
		{EE6912ED-8FD0-4C65-B10D-CB89D565BB12}.Debug|Any CPU.Build.0 = Debug|Any CPU
		{EE6912ED-8FD0-4C65-B10D-CB89D565BB12}.Release|Any CPU.ActiveCfg = Release|Any CPU
		{EE6912ED-8FD0-4C65-B10D-CB89D565BB12}.Release|Any CPU.Build.0 = Release|Any CPU
		{92442CA2-E48F-49CC-B5CD-19FB4C699049}.Debug|Any CPU.ActiveCfg = Debug|Any CPU
		{92442CA2-E48F-49CC-B5CD-19FB4C699049}.Debug|Any CPU.Build.0 = Debug|Any CPU
		{92442CA2-E48F-49CC-B5CD-19FB4C699049}.Release|Any CPU.ActiveCfg = Release|Any CPU
		{92442CA2-E48F-49CC-B5CD-19FB4C699049}.Release|Any CPU.Build.0 = Release|Any CPU
	EndGlobalSection
	GlobalSection(SolutionProperties) = preSolution
		HideSolutionNode = FALSE
	EndGlobalSection
	GlobalSection(ExtensibilityGlobals) = postSolution
		SolutionGuid = {1CF9C292-D1D6-406A-83D6-24716D515A35}
	EndGlobalSection
EndGlobal
