
Microsoft Visual Studio Solution File, Format Version 12.00
# Visual Studio Version 16
VisualStudioVersion = 25.0.1704.0
MinimumVisualStudioVersion = 10.0.40219.1
Project("{FAE04EC0-301F-11D3-BF4B-00C04F79EFBC}") = "List_Little_Api", "List_Little_Api\List_Little_Api.csproj", "{0721BA32-EF50-4221-B86E-8CFA64D7C5E9}"
EndProject
Global
	GlobalSection(SolutionConfigurationPlatforms) = preSolution
		Debug|Any CPU = Debug|Any CPU
		Release|Any CPU = Release|Any CPU
	EndGlobalSection
	GlobalSection(ProjectConfigurationPlatforms) = postSolution
		{0721BA32-EF50-4221-B86E-8CFA64D7C5E9}.Debug|Any CPU.ActiveCfg = Debug|Any CPU
		{0721BA32-EF50-4221-B86E-8CFA64D7C5E9}.Debug|Any CPU.Build.0 = Debug|Any CPU
		{0721BA32-EF50-4221-B86E-8CFA64D7C5E9}.Release|Any CPU.ActiveCfg = Release|Any CPU
		{0721BA32-EF50-4221-B86E-8CFA64D7C5E9}.Release|Any CPU.Build.0 = Release|Any CPU
	EndGlobalSection
	GlobalSection(SolutionProperties) = preSolution
		HideSolutionNode = FALSE
	EndGlobalSection
	GlobalSection(ExtensibilityGlobals) = postSolution
		SolutionGuid = {1CF9C292-D1D6-406A-83D6-24716D515A35}
	EndGlobalSection
EndGlobal
